Microsoft Visual Studio Solution File, Format Version 12.00
# Visual Studio Version 17
VisualStudioVersion = 17.5.2.0
MinimumVisualStudioVersion = 10.0.40219.1
Project("{FAE04EC0-301F-11D3-BF4B-00C04F79EFBC}") = "PromoOS.Tests", "PromoOS.Tests.csproj", "{6B82B3BA-BDF7-599E-E422-2D7110E0F668}"
EndProject
Global
	GlobalSection(SolutionConfigurationPlatforms) = preSolution
		Debug|Any CPU = Debug|Any CPU
		Release|Any CPU = Release|Any CPU
	EndGlobalSection
	GlobalSection(ProjectConfigurationPlatforms) = postSolution
		{6B82B3BA-BDF7-599E-E422-2D7110E0F668}.Debug|Any CPU.ActiveCfg = Debug|Any CPU
		{6B82B3BA-BDF7-599E-E422-2D7110E0F668}.Debug|Any CPU.Build.0 = Debug|Any CPU
		{6B82B3BA-BDF7-599E-E422-2D7110E0F668}.Release|Any CPU.ActiveCfg = Release|Any CPU
		{6B82B3BA-BDF7-599E-E422-2D7110E0F668}.Release|Any CPU.Build.0 = Release|Any CPU
	EndGlobalSection
	GlobalSection(SolutionProperties) = preSolution
		HideSolutionNode = FALSE
	EndGlobalSection
	GlobalSection(ExtensibilityGlobals) = postSolution
		SolutionGuid = {0FD1425C-F9DC-47F5-ABA6-EAEF169FAD68}
	EndGlobalSection
EndGlobal
